
Microsoft Visual Studio Solution File, Format Version 12.00
# Visual Studio 15
VisualStudioVersion = 15.0.27130.2010
MinimumVisualStudioVersion = 10.0.40219.1
Project("{FAE04EC0-301F-11D3-BF4B-00C04F79EFBC}") = "VocaDbToIcal", "VocaDbToIcal\VocaDbToIcal.csproj", "{16BDED6B-7338-43E7-8186-5B71A00BC466}"
EndProject
Global
	GlobalSection(SolutionConfigurationPlatforms) = preSolution
		Debug|Any CPU = Debug|Any CPU
		Release|Any CPU = Release|Any CPU
	EndGlobalSection
	GlobalSection(ProjectConfigurationPlatforms) = postSolution
		{16BDED6B-7338-43E7-8186-5B71A00BC466}.Debug|Any CPU.ActiveCfg = Debug|Any CPU
		{16BDED6B-7338-43E7-8186-5B71A00BC466}.Debug|Any CPU.Build.0 = Debug|Any CPU
		{16BDED6B-7338-43E7-8186-5B71A00BC466}.Release|Any CPU.ActiveCfg = Release|Any CPU
		{16BDED6B-7338-43E7-8186-5B71A00BC466}.Release|Any CPU.Build.0 = Release|Any CPU
	EndGlobalSection
	GlobalSection(SolutionProperties) = preSolution
		HideSolutionNode = FALSE
	EndGlobalSection
	GlobalSection(ExtensibilityGlobals) = postSolution
		SolutionGuid = {122E585E-27A6-4B32-9596-E413F629E1B4}
	EndGlobalSection
EndGlobal
